
Microsoft Visual Studio Solution File, Format Version 12.00
# Visual Studio Version 16
VisualStudioVersion = 16.0.32929.386
MinimumVisualStudioVersion = 10.0.40219.1
Project("{9A19103F-16F7-4668-BE54-9A1E7A4F7556}") = "MongoDBCoreService", "MongoDBCoreService\MongoDBCoreService.csproj", "{9BE100BB-7C66-498C-B978-78C86C4E7B7D}"
EndProject
Global
	GlobalSection(SolutionConfigurationPlatforms) = preSolution
		Debug|Any CPU = Debug|Any CPU
		Release|Any CPU = Release|Any CPU
	EndGlobalSection
	GlobalSection(ProjectConfigurationPlatforms) = postSolution
		{9BE100BB-7C66-498C-B978-78C86C4E7B7D}.Debug|Any CPU.ActiveCfg = Debug|Any CPU
		{9BE100BB-7C66-498C-B978-78C86C4E7B7D}.Debug|Any CPU.Build.0 = Debug|Any CPU
		{9BE100BB-7C66-498C-B978-78C86C4E7B7D}.Release|Any CPU.ActiveCfg = Release|Any CPU
		{9BE100BB-7C66-498C-B978-78C86C4E7B7D}.Release|Any CPU.Build.0 = Release|Any CPU
	EndGlobalSection
	GlobalSection(SolutionProperties) = preSolution
		HideSolutionNode = FALSE
	EndGlobalSection
	GlobalSection(ExtensibilityGlobals) = postSolution
		SolutionGuid = {276AAB1A-0385-46F7-8DC2-01E312C4F6D0}
	EndGlobalSection
EndGlobal
